
Microsoft Visual Studio Solution File, Format Version 12.00
# Visual Studio 15
VisualStudioVersion = 15.0.27130.0
MinimumVisualStudioVersion = 10.0.40219.1
Project("{FAE04EC0-301F-11D3-BF4B-00C04F79EFBC}") = "EmptyBox.Automation", "EmptyBox.Automation\EmptyBox.Automation.csproj", "{693D18DE-5E67-4A9C-A542-E2458D03B6F3}"
EndProject
Global
	GlobalSection(SolutionConfigurationPlatforms) = preSolution
		Debug|Any CPU = Debug|Any CPU
		Release|Any CPU = Release|Any CPU
	EndGlobalSection
	GlobalSection(ProjectConfigurationPlatforms) = postSolution
		{693D18DE-5E67-4A9C-A542-E2458D03B6F3}.Debug|Any CPU.ActiveCfg = Debug|Any CPU
		{693D18DE-5E67-4A9C-A542-E2458D03B6F3}.Debug|Any CPU.Build.0 = Debug|Any CPU
		{693D18DE-5E67-4A9C-A542-E2458D03B6F3}.Release|Any CPU.ActiveCfg = Release|Any CPU
		{693D18DE-5E67-4A9C-A542-E2458D03B6F3}.Release|Any CPU.Build.0 = Release|Any CPU
	EndGlobalSection
	GlobalSection(SolutionProperties) = preSolution
		HideSolutionNode = FALSE
	EndGlobalSection
	GlobalSection(ExtensibilityGlobals) = postSolution
		SolutionGuid = {5438D025-73AF-435C-B22D-C47879C81562}
	EndGlobalSection
EndGlobal
